# This file was autogenerated by Stack.
# You should not edit this file by hand.
# For more information, please see the documentation at:
#   https://docs.haskellstack.org/en/stable/lock_files

packages:
- completed:
    size: 45669
    subdir: cursor
    url: https://github.com/NorfairKing/cursor/archive/452e43cb466f8ac010da8318f84836e8ceca1efe.tar.gz
    name: cursor
    version: 0.2.0.0
    sha256: b608339129df5f73cd5fdc7efc04e558d2250a8ecae8192e5a27c674d0030556
    pantry-tree:
      size: 1811
      sha256: e3751444ba329de6da8e3139c5de47d7a4c277797dae90569dc8c47c99fcc6f7
  original:
    subdir: cursor
    url: https://github.com/NorfairKing/cursor/archive/452e43cb466f8ac010da8318f84836e8ceca1efe.tar.gz
- completed:
    size: 45669
    subdir: cursor-gen
    url: https://github.com/NorfairKing/cursor/archive/452e43cb466f8ac010da8318f84836e8ceca1efe.tar.gz
    name: cursor-gen
    version: 0.2.0.0
    sha256: b608339129df5f73cd5fdc7efc04e558d2250a8ecae8192e5a27c674d0030556
    pantry-tree:
      size: 2716
      sha256: c84813dcebf87e9639433a5659fedc21fda69b2c1452414e260d67cd4d2f0f22
  original:
    subdir: cursor-gen
    url: https://github.com/NorfairKing/cursor/archive/452e43cb466f8ac010da8318f84836e8ceca1efe.tar.gz
- completed:
    size: 91907
    subdir: validity
    url: https://github.com/NorfairKing/validity/archive/1ba19a12be1f7da1d3e0054e8dbbc82ec60d2160.tar.gz
    name: validity
    version: 0.9.0.2
    sha256: 8f9b0f310e3359f4445ace535d26fe748b89802123fe3946c880198abc5716f9
    pantry-tree:
      size: 450
      sha256: c867ce05c1c8209f811eb447c33b9941544eebcd1d880e2f157c8f321b425560
  original:
    subdir: validity
    url: https://github.com/NorfairKing/validity/archive/1ba19a12be1f7da1d3e0054e8dbbc82ec60d2160.tar.gz
- completed:
    size: 8879
    subdir: cursor-brick
    url: https://github.com/NorfairKing/cursor-brick/archive/94907e9ad1a2100fa0309733a58317c982e0f146.tar.gz
    name: cursor-brick
    version: 0.1.0.0
    sha256: f6b88d0fe11b6610c40ae8cb2558347839d870b377b5f1b64d48a3d39e6104ce
    pantry-tree:
      size: 848
      sha256: b8d95ccac37d15d0632da058e979e2f92e58bf1f680cf89121b488195c862064
  original:
    subdir: cursor-brick
    url: https://github.com/NorfairKing/cursor-brick/archive/94907e9ad1a2100fa0309733a58317c982e0f146.tar.gz
snapshots:
- completed:
    size: 524154
    url: https://raw.githubusercontent.com/commercialhaskell/stackage-snapshots/master/lts/14/20.yaml
    sha256: 2f5099f69ddb6abfe64400fe1e6a604e8e628f55e6837211cd70a81eb0a8fa4d
  original: lts-14.20
